
Microsoft Visual Studio Solution File, Format Version 12.00
# Visual Studio Version 17
VisualStudioVersion = 17.7.34031.279
MinimumVisualStudioVersion = 10.0.40219.1
Project("{FAE04EC0-301F-11D3-BF4B-00C04F79EFBC}") = "Break camelCase", "Break camelCase\Break camelCase.csproj", "{B1FA6719-8E5A-43D1-A65D-DA7507EEBD17}"
EndProject
Project("{2150E333-8FDC-42A3-9474-1A3956D46DE8}") = "Solution Items", "Solution Items", "{FD48A9FE-6D21-4E98-A049-BCD144804103}"
	ProjectSection(SolutionItems) = preProject
		Instructions.txt = Instructions.txt
	EndProjectSection
EndProject
Global
	GlobalSection(SolutionConfigurationPlatforms) = preSolution
		Debug|Any CPU = Debug|Any CPU
		Release|Any CPU = Release|Any CPU
	EndGlobalSection
	GlobalSection(ProjectConfigurationPlatforms) = postSolution
		{B1FA6719-8E5A-43D1-A65D-DA7507EEBD17}.Debug|Any CPU.ActiveCfg = Debug|Any CPU
		{B1FA6719-8E5A-43D1-A65D-DA7507EEBD17}.Debug|Any CPU.Build.0 = Debug|Any CPU
		{B1FA6719-8E5A-43D1-A65D-DA7507EEBD17}.Release|Any CPU.ActiveCfg = Release|Any CPU
		{B1FA6719-8E5A-43D1-A65D-DA7507EEBD17}.Release|Any CPU.Build.0 = Release|Any CPU
	EndGlobalSection
	GlobalSection(SolutionProperties) = preSolution
		HideSolutionNode = FALSE
	EndGlobalSection
	GlobalSection(ExtensibilityGlobals) = postSolution
		SolutionGuid = {BD1C7576-1E01-4DB8-B29A-50AE1213DE77}
	EndGlobalSection
EndGlobal
